// !$*UTF8*$!
{
	archiveVersion = 1;
	classes = {
	};
	objectVersion = 46;
	objects = {

/* Begin PBXBuildFile section */
		2C3ABA791EF9EB6B00BDDC9B /* MyDataManager.m in Sources */ = {isa = PBXBuildFile; fileRef = 2C3ABA781EF9EB6B00BDDC9B /* MyDataManager.m */; };
		2CCCD77C1ED8A8A100D05E64 /* main.m in Sources */ = {isa = PBXBuildFile; fileRef = 2CCCD77B1ED8A8A100D05E64 /* main.m */; };
		2CCCD77F1ED8A8A100D05E64 /* AppDelegate.m in Sources */ = {isa = PBXBuildFile; fileRef = 2CCCD77E1ED8A8A100D05E64 /* AppDelegate.m */; };
		2CCCD7821ED8A8A100D05E64 /* ViewController.m in Sources */ = {isa = PBXBuildFile; fileRef = 2CCCD7811ED8A8A100D05E64 /* ViewController.m */; };
		2CCCD7851ED8A8A100D05E64 /* Main.storyboard in Resources */ = {isa = PBXBuildFile; fileRef = 2CCCD7831ED8A8A100D05E64 /* Main.storyboard */; };
		2CCCD7881ED8A8A100D05E64 /* NetFlixS.xcdatamodeld in Sources */ = {isa = PBXBuildFile; fileRef = 2CCCD7861ED8A8A100D05E64 /* NetFlixS.xcdatamodeld */; };
		2CCCD78A1ED8A8A100D05E64 /* Assets.xcassets in Resources */ = {isa = PBXBuildFile; fileRef = 2CCCD7891ED8A8A100D05E64 /* Assets.xcassets */; };
		2CCCD78D1ED8A8A100D05E64 /* LaunchScreen.storyboard in Resources */ = {isa = PBXBuildFile; fileRef = 2CCCD78B1ED8A8A100D05E64 /* LaunchScreen.storyboard */; };
		2CCCD7981ED8A8A100D05E64 /* NetFlixSTests.m in Sources */ = {isa = PBXBuildFile; fileRef = 2CCCD7971ED8A8A100D05E64 /* NetFlixSTests.m */; };
		2CCCD7A31ED8A8A100D05E64 /* NetFlixSUITests.m in Sources */ = {isa = PBXBuildFile; fileRef = 2CCCD7A21ED8A8A100D05E64 /* NetFlixSUITests.m */; };
		2CCCD7B51ED8AD0900D05E64 /* UIColor+Utilities.m in Sources */ = {isa = PBXBuildFile; fileRef = 2CCCD7B41ED8AD0900D05E64 /* UIColor+Utilities.m */; };
		2CCCD7B81ED8ADBF00D05E64 /* NSArray+Utilities.m in Sources */ = {isa = PBXBuildFile; fileRef = 2CCCD7B71ED8ADBF00D05E64 /* NSArray+Utilities.m */; };
		2CCCD7BB1ED8B30400D05E64 /* smTableViewCell.m in Sources */ = {isa = PBXBuildFile; fileRef = 2CCCD7BA1ED8B30400D05E64 /* smTableViewCell.m */; };
		2CCCD7BE1ED8BD6B00D05E64 /* smCollectionViewCell.m in Sources */ = {isa = PBXBuildFile; fileRef = 2CCCD7BD1ED8BD6B00D05E64 /* smCollectionViewCell.m */; };
		2CE8708B1EDA1EBD006DF7F0 /* placeholder.png in Resources */ = {isa = PBXBuildFile; fileRef = 2CE8708A1EDA1EBD006DF7F0 /* placeholder.png */; };
		2CE870931EDA2EA4006DF7F0 /* XMLDictionary.m in Sources */ = {isa = PBXBuildFile; fileRef = 2CE870921EDA2EA4006DF7F0 /* XMLDictionary.m */; };
		2CE870981EDB5A0E006DF7F0 /* NFWebService.m in Sources */ = {isa = PBXBuildFile; fileRef = 2CE870971EDB5A0E006DF7F0 /* NFWebService.m */; };
		5B0675A1EF20E07C3EF6196D /* libPods-NetFlixSUITests.a in Frameworks */ = {isa = PBXBuildFile; fileRef = 55BD2310FCD9CBA913B8A01E /* libPods-NetFlixSUITests.a */; };
		700975609498783287407512 /* libPods-NetFlixS.a in Frameworks */ = {isa = PBXBuildFile; fileRef = 6CC426F8B46615E312A32D03 /* libPods-NetFlixS.a */; };
		D5C9E5CB5D065951AE0C5BE5 /* libPods-NetFlixSTests.a in Frameworks */ = {isa = PBXBuildFile; fileRef = C2CBDC3D00F57F63C5E8AB4D /* libPods-NetFlixSTests.a */; };
/* End PBXBuildFile section */

/* Begin PBXContainerItemProxy section */
		2CCCD7941ED8A8A100D05E64 /* PBXContainerItemProxy */ = {
			isa = PBXContainerItemProxy;
			containerPortal = 2CCCD76F1ED8A8A100D05E64 /* Project object */;
			proxyType = 1;
			remoteGlobalIDString = 2CCCD7761ED8A8A100D05E64;
			remoteInfo = NetFlixS;
		};
		2CCCD79F1ED8A8A100D05E64 /* PBXContainerItemProxy */ = {
			isa = PBXContainerItemProxy;
			containerPortal = 2CCCD76F1ED8A8A100D05E64 /* Project object */;
			proxyType = 1;
			remoteGlobalIDString = 2CCCD7761ED8A8A100D05E64;
			remoteInfo = NetFlixS;
		};
/* End PBXContainerItemProxy section */

/* Begin PBXFileReference section */
		16AD4E7DF714C5ACBF7F313F /* Pods-NetFlixS.release.xcconfig */ = {isa = PBXFileReference; includeInIndex = 1; lastKnownFileType = text.xcconfig; name = "Pods-NetFlixS.release.xcconfig"; path = "Pods/Target Support Files/Pods-NetFlixS/Pods-NetFlixS.release.xcconfig"; sourceTree = "<group>"; };
		2C3ABA771EF9EB6B00BDDC9B /* MyDataManager.h */ = {isa = PBXFileReference; fileEncoding = 4; lastKnownFileType = sourcecode.c.h; path = MyDataManager.h; sourceTree = "<group>"; };
		2C3ABA781EF9EB6B00BDDC9B /* MyDataManager.m */ = {isa = PBXFileReference; fileEncoding = 4; lastKnownFileType = sourcecode.c.objc; path = MyDataManager.m; sourceTree = "<group>"; };
		2CCCD7771ED8A8A100D05E64 /* NetFlixS.app */ = {isa = PBXFileReference; explicitFileType = wrapper.application; includeInIndex = 0; path = NetFlixS.app; sourceTree = BUILT_PRODUCTS_DIR; };
		2CCCD77B1ED8A8A100D05E64 /* main.m */ = {isa = PBXFileReference; lastKnownFileType = sourcecode.c.objc; path = main.m; sourceTree = "<group>"; };
		2CCCD77D1ED8A8A100D05E64 /* AppDelegate.h */ = {isa = PBXFileReference; lastKnownFileType = sourcecode.c.h; path = AppDelegate.h; sourceTree = "<group>"; };
		2CCCD77E1ED8A8A100D05E64 /* AppDelegate.m */ = {isa = PBXFileReference; lastKnownFileType = sourcecode.c.objc; path = AppDelegate.m; sourceTree = "<group>"; };
		2CCCD7801ED8A8A100D05E64 /* ViewController.h */ = {isa = PBXFileReference; lastKnownFileType = sourcecode.c.h; path = ViewController.h; sourceTree = "<group>"; };
		2CCCD7811ED8A8A100D05E64 /* ViewController.m */ = {isa = PBXFileReference; lastKnownFileType = sourcecode.c.objc; path = ViewController.m; sourceTree = "<group>"; };
		2CCCD7841ED8A8A100D05E64 /* Base */ = {isa = PBXFileReference; lastKnownFileType = file.storyboard; name = Base; path = Base.lproj/Main.storyboard; sourceTree = "<group>"; };
		2CCCD7871ED8A8A100D05E64 /* NetFlixS.xcdatamodel */ = {isa = PBXFileReference; lastKnownFileType = wrapper.xcdatamodel; path = NetFlixS.xcdatamodel; sourceTree = "<group>"; };
		2CCCD7891ED8A8A100D05E64 /* Assets.xcassets */ = {isa = PBXFileReference; lastKnownFileType = folder.assetcatalog; path = Assets.xcassets; sourceTree = "<group>"; };
		2CCCD78C1ED8A8A100D05E64 /* Base */ = {isa = PBXFileReference; lastKnownFileType = file.storyboard; name = Base; path = Base.lproj/LaunchScreen.storyboard; sourceTree = "<group>"; };
		2CCCD78E1ED8A8A100D05E64 /* Info.plist */ = {isa = PBXFileReference; lastKnownFileType = text.plist.xml; path = Info.plist; sourceTree = "<group>"; };
		2CCCD7931ED8A8A100D05E64 /* NetFlixSTests.xctest */ = {isa = PBXFileReference; explicitFileType = wrapper.cfbundle; includeInIndex = 0; path = NetFlixSTests.xctest; sourceTree = BUILT_PRODUCTS_DIR; };
		2CCCD7971ED8A8A100D05E64 /* NetFlixSTests.m */ = {isa = PBXFileReference; lastKnownFileType = sourcecode.c.objc; path = NetFlixSTests.m; sourceTree = "<group>"; };
		2CCCD7991ED8A8A100D05E64 /* Info.plist */ = {isa = PBXFileReference; lastKnownFileType = text.plist.xml; path = Info.plist; sourceTree = "<group>"; };
		2CCCD79E1ED8A8A100D05E64 /* NetFlixSUITests.xctest */ = {isa = PBXFileReference; explicitFileType = wrapper.cfbundle; includeInIndex = 0; path = NetFlixSUITests.xctest; sourceTree = BUILT_PRODUCTS_DIR; };
		2CCCD7A21ED8A8A100D05E64 /* NetFlixSUITests.m */ = {isa = PBXFileReference; lastKnownFileType = sourcecode.c.objc; path = NetFlixSUITests.m; sourceTree = "<group>"; };
		2CCCD7A41ED8A8A100D05E64 /* Info.plist */ = {isa = PBXFileReference; lastKnownFileType = text.plist.xml; path = Info.plist; sourceTree = "<group>"; };
		2CCCD7B31ED8AD0900D05E64 /* UIColor+Utilities.h */ = {isa = PBXFileReference; fileEncoding = 4; lastKnownFileType = sourcecode.c.h; path = "UIColor+Utilities.h"; sourceTree = "<group>"; };
		2CCCD7B41ED8AD0900D05E64 /* UIColor+Utilities.m */ = {isa = PBXFileReference; fileEncoding = 4; lastKnownFileType = sourcecode.c.objc; path = "UIColor+Utilities.m"; sourceTree = "<group>"; };
		2CCCD7B61ED8ADBF00D05E64 /* NSArray+Utilities.h */ = {isa = PBXFileReference; fileEncoding = 4; lastKnownFileType = sourcecode.c.h; path = "NSArray+Utilities.h"; sourceTree = "<group>"; };
		2CCCD7B71ED8ADBF00D05E64 /* NSArray+Utilities.m */ = {isa = PBXFileReference; fileEncoding = 4; lastKnownFileType = sourcecode.c.objc; path = "NSArray+Utilities.m"; sourceTree = "<group>"; };
		2CCCD7B91ED8B30400D05E64 /* smTableViewCell.h */ = {isa = PBXFileReference; fileEncoding = 4; lastKnownFileType = sourcecode.c.h; path = smTableViewCell.h; sourceTree = "<group>"; };
		2CCCD7BA1ED8B30400D05E64 /* smTableViewCell.m */ = {isa = PBXFileReference; fileEncoding = 4; lastKnownFileType = sourcecode.c.objc; path = smTableViewCell.m; sourceTree = "<group>"; };
		2CCCD7BC1ED8BD6B00D05E64 /* smCollectionViewCell.h */ = {isa = PBXFileReference; fileEncoding = 4; lastKnownFileType = sourcecode.c.h; path = smCollectionViewCell.h; sourceTree = "<group>"; };
		2CCCD7BD1ED8BD6B00D05E64 /* smCollectionViewCell.m */ = {isa = PBXFileReference; fileEncoding = 4; lastKnownFileType = sourcecode.c.objc; path = smCollectionViewCell.m; sourceTree = "<group>"; };
		2CE8708A1EDA1EBD006DF7F0 /* placeholder.png */ = {isa = PBXFileReference; lastKnownFileType = image.png; name = placeholder.png; path = Images/placeholder.png; sourceTree = "<group>"; };
		2CE870911EDA2EA4006DF7F0 /* XMLDictionary.h */ = {isa = PBXFileReference; fileEncoding = 4; lastKnownFileType = sourcecode.c.h; path = XMLDictionary.h; sourceTree = "<group>"; };
		2CE870921EDA2EA4006DF7F0 /* XMLDictionary.m */ = {isa = PBXFileReference; fileEncoding = 4; lastKnownFileType = sourcecode.c.objc; path = XMLDictionary.m; sourceTree = "<group>"; };
		2CE870961EDB5A0E006DF7F0 /* NFWebService.h */ = {isa = PBXFileReference; fileEncoding = 4; lastKnownFileType = sourcecode.c.h; path = NFWebService.h; sourceTree = "<group>"; };
		2CE870971EDB5A0E006DF7F0 /* NFWebService.m */ = {isa = PBXFileReference; fileEncoding = 4; lastKnownFileType = sourcecode.c.objc; path = NFWebService.m; sourceTree = "<group>"; };
		2ED8AABE34B42AFE0A3BFAA8 /* Pods-NetFlixSUITests.debug.xcconfig */ = {isa = PBXFileReference; includeInIndex = 1; lastKnownFileType = text.xcconfig; name = "Pods-NetFlixSUITests.debug.xcconfig"; path = "Pods/Target Support Files/Pods-NetFlixSUITests/Pods-NetFlixSUITests.debug.xcconfig"; sourceTree = "<group>"; };
		55BD2310FCD9CBA913B8A01E /* libPods-NetFlixSUITests.a */ = {isa = PBXFileReference; explicitFileType = archive.ar; includeInIndex = 0; path = "libPods-NetFlixSUITests.a"; sourceTree = BUILT_PRODUCTS_DIR; };
		6CC426F8B46615E312A32D03 /* libPods-NetFlixS.a */ = {isa = PBXFileReference; explicitFileType = archive.ar; includeInIndex = 0; path = "libPods-NetFlixS.a"; sourceTree = BUILT_PRODUCTS_DIR; };
		B9385C6E524B69CCAD9CCC23 /* Pods-NetFlixSTests.debug.xcconfig */ = {isa = PBXFileReference; includeInIndex = 1; lastKnownFileType = text.xcconfig; name = "Pods-NetFlixSTests.debug.xcconfig"; path = "Pods/Target Support Files/Pods-NetFlixSTests/Pods-NetFlixSTests.debug.xcconfig"; sourceTree = "<group>"; };
		B9D40FA9A15F59DE13F202DB /* Pods-NetFlixS.debug.xcconfig */ = {isa = PBXFileReference; includeInIndex = 1; lastKnownFileType = text.xcconfig; name = "Pods-NetFlixS.debug.xcconfig"; path = "Pods/Target Support Files/Pods-NetFlixS/Pods-NetFlixS.debug.xcconfig"; sourceTree = "<group>"; };
		BD587F12C37146A2189BCFDF /* Pods-NetFlixSUITests.release.xcconfig */ = {isa = PBXFileReference; includeInIndex = 1; lastKnownFileType = text.xcconfig; name = "Pods-NetFlixSUITests.release.xcconfig"; path = "Pods/Target Support Files/Pods-NetFlixSUITests/Pods-NetFlixSUITests.release.xcconfig"; sourceTree = "<group>"; };
		C2CBDC3D00F57F63C5E8AB4D /* libPods-NetFlixSTests.a */ = {isa = PBXFileReference; explicitFileType = archive.ar; includeInIndex = 0; path = "libPods-NetFlixSTests.a"; sourceTree = BUILT_PRODUCTS_DIR; };
		E1559D9E7F173948F7EDF99B /* Pods-NetFlixSTests.release.xcconfig */ = {isa = PBXFileReference; includeInIndex = 1; lastKnownFileType = text.xcconfig; name = "Pods-NetFlixSTests.release.xcconfig"; path = "Pods/Target Support Files/Pods-NetFlixSTests/Pods-NetFlixSTests.release.xcconfig"; sourceTree = "<group>"; };
/* End PBXFileReference section */

/* Begin PBXFrameworksBuildPhase section */
		2CCCD7741ED8A8A100D05E64 /* Frameworks */ = {
			isa = PBXFrameworksBuildPhase;
			buildActionMask = 2147483647;
			files = (
				700975609498783287407512 /* libPods-NetFlixS.a in Frameworks */,
			);
			runOnlyForDeploymentPostprocessing = 0;
		};
		2CCCD7901ED8A8A100D05E64 /* Frameworks */ = {
			isa = PBXFrameworksBuildPhase;
			buildActionMask = 2147483647;
			files = (
				D5C9E5CB5D065951AE0C5BE5 /* libPods-NetFlixSTests.a in Frameworks */,
			);
			runOnlyForDeploymentPostprocessing = 0;
		};
		2CCCD79B1ED8A8A100D05E64 /* Frameworks */ = {
			isa = PBXFrameworksBuildPhase;
			buildActionMask = 2147483647;
			files = (
				5B0675A1EF20E07C3EF6196D /* libPods-NetFlixSUITests.a in Frameworks */,
			);
			runOnlyForDeploymentPostprocessing = 0;
		};
/* End PBXFrameworksBuildPhase section */

/* Begin PBXGroup section */
		062323AA09A0C989F8713B42 /* Pods */ = {
			isa = PBXGroup;
			children = (
				B9D40FA9A15F59DE13F202DB /* Pods-NetFlixS.debug.xcconfig */,
				16AD4E7DF714C5ACBF7F313F /* Pods-NetFlixS.release.xcconfig */,
				B9385C6E524B69CCAD9CCC23 /* Pods-NetFlixSTests.debug.xcconfig */,
				E1559D9E7F173948F7EDF99B /* Pods-NetFlixSTests.release.xcconfig */,
				2ED8AABE34B42AFE0A3BFAA8 /* Pods-NetFlixSUITests.debug.xcconfig */,
				BD587F12C37146A2189BCFDF /* Pods-NetFlixSUITests.release.xcconfig */,
			);
			name = Pods;
			sourceTree = "<group>";
		};
		2C3ABA7B1EFA0AE700BDDC9B /* HelperClasses */ = {
			isa = PBXGroup;
			children = (
				2CCCD7B61ED8ADBF00D05E64 /* NSArray+Utilities.h */,
				2CCCD7B71ED8ADBF00D05E64 /* NSArray+Utilities.m */,
				2CCCD7B31ED8AD0900D05E64 /* UIColor+Utilities.h */,
				2CCCD7B41ED8AD0900D05E64 /* UIColor+Utilities.m */,
			);
			name = HelperClasses;
			sourceTree = "<group>";
		};
		2C3ABA7C1EFA0AEE00BDDC9B /* DataManager */ = {
			isa = PBXGroup;
			children = (
				2CCCD7861ED8A8A100D05E64 /* NetFlixS.xcdatamodeld */,
				2CE870961EDB5A0E006DF7F0 /* NFWebService.h */,
				2CE870971EDB5A0E006DF7F0 /* NFWebService.m */,
				2C3ABA771EF9EB6B00BDDC9B /* MyDataManager.h */,
				2C3ABA781EF9EB6B00BDDC9B /* MyDataManager.m */,
				2CE870911EDA2EA4006DF7F0 /* XMLDictionary.h */,
				2CE870921EDA2EA4006DF7F0 /* XMLDictionary.m */,
			);
			name = DataManager;
			sourceTree = "<group>";
		};
		2C3ABA7D1EFA0B4F00BDDC9B /* Views */ = {
			isa = PBXGroup;
			children = (
				2CCCD77D1ED8A8A100D05E64 /* AppDelegate.h */,
				2CCCD77E1ED8A8A100D05E64 /* AppDelegate.m */,
				2CCCD7801ED8A8A100D05E64 /* ViewController.h */,
				2CCCD7811ED8A8A100D05E64 /* ViewController.m */,
				2CCCD7B91ED8B30400D05E64 /* smTableViewCell.h */,
				2CCCD7BA1ED8B30400D05E64 /* smTableViewCell.m */,
				2CCCD7BC1ED8BD6B00D05E64 /* smCollectionViewCell.h */,
				2CCCD7BD1ED8BD6B00D05E64 /* smCollectionViewCell.m */,
				2CCCD7831ED8A8A100D05E64 /* Main.storyboard */,
				2CCCD7891ED8A8A100D05E64 /* Assets.xcassets */,
				2CCCD78B1ED8A8A100D05E64 /* LaunchScreen.storyboard */,
				2CCCD78E1ED8A8A100D05E64 /* Info.plist */,
			);
			name = Views;
			sourceTree = "<group>";
		};
		2CCCD76E1ED8A8A100D05E64 = {
			isa = PBXGroup;
			children = (
				2CCCD7791ED8A8A100D05E64 /* NetFlixS */,
				2CCCD7961ED8A8A100D05E64 /* NetFlixSTests */,
				2CCCD7A11ED8A8A100D05E64 /* NetFlixSUITests */,
				2CCCD7781ED8A8A100D05E64 /* Products */,
				062323AA09A0C989F8713B42 /* Pods */,
				539E9D9C2B85A152D3EE6CC8 /* Frameworks */,
			);
			sourceTree = "<group>";
		};
		2CCCD7781ED8A8A100D05E64 /* Products */ = {
			isa = PBXGroup;
			children = (
				2CCCD7771ED8A8A100D05E64 /* NetFlixS.app */,
				2CCCD7931ED8A8A100D05E64 /* NetFlixSTests.xctest */,
				2CCCD79E1ED8A8A100D05E64 /* NetFlixSUITests.xctest */,
			);
			name = Products;
			sourceTree = "<group>";
		};
		2CCCD7791ED8A8A100D05E64 /* NetFlixS */ = {
			isa = PBXGroup;
			children = (
				2C3ABA7D1EFA0B4F00BDDC9B /* Views */,
				2C3ABA7C1EFA0AEE00BDDC9B /* DataManager */,
				2C3ABA7B1EFA0AE700BDDC9B /* HelperClasses */,
				2CE870851EDA1E4D006DF7F0 /* Images */,
				2CCCD77A1ED8A8A100D05E64 /* Supporting Files */,
			);
			path = NetFlixS;
			sourceTree = "<group>";
		};
		2CCCD77A1ED8A8A100D05E64 /* Supporting Files */ = {
			isa = PBXGroup;
			children = (
				2CCCD77B1ED8A8A100D05E64 /* main.m */,
			);
			name = "Supporting Files";
			sourceTree = "<group>";
		};
		2CCCD7961ED8A8A100D05E64 /* NetFlixSTests */ = {
			isa = PBXGroup;
			children = (
				2CCCD7971ED8A8A100D05E64 /* NetFlixSTests.m */,
				2CCCD7991ED8A8A100D05E64 /* Info.plist */,
			);
			path = NetFlixSTests;
			sourceTree = "<group>";
		};
		2CCCD7A11ED8A8A100D05E64 /* NetFlixSUITests */ = {
			isa = PBXGroup;
			children = (
				2CCCD7A21ED8A8A100D05E64 /* NetFlixSUITests.m */,
				2CCCD7A41ED8A8A100D05E64 /* Info.plist */,
			);
			path = NetFlixSUITests;
			sourceTree = "<group>";
		};
		2CE870851EDA1E4D006DF7F0 /* Images */ = {
			isa = PBXGroup;
			children = (
				2CE8708A1EDA1EBD006DF7F0 /* placeholder.png */,
			);
			name = Images;
			sourceTree = "<group>";
		};
		539E9D9C2B85A152D3EE6CC8 /* Frameworks */ = {
			isa = PBXGroup;
			children = (
				6CC426F8B46615E312A32D03 /* libPods-NetFlixS.a */,
				C2CBDC3D00F57F63C5E8AB4D /* libPods-NetFlixSTests.a */,
				55BD2310FCD9CBA913B8A01E /* libPods-NetFlixSUITests.a */,
			);
			name = Frameworks;
			sourceTree = "<group>";
		};
/* End PBXGroup section */

/* Begin PBXNativeTarget section */
		2CCCD7761ED8A8A100D05E64 /* NetFlixS */ = {
			isa = PBXNativeTarget;
			buildConfigurationList = 2CCCD7A71ED8A8A100D05E64 /* Build configuration list for PBXNativeTarget "NetFlixS" */;
			buildPhases = (
				6850EB29392B1AD2EDB4D16B /* [CP] Check Pods Manifest.lock */,
				2CCCD7731ED8A8A100D05E64 /* Sources */,
				2CCCD7741ED8A8A100D05E64 /* Frameworks */,
				2CCCD7751ED8A8A100D05E64 /* Resources */,
				17A2A340CE784A340736735C /* [CP] Embed Pods Frameworks */,
				DA060FBB4394039D5BBB44E2 /* [CP] Copy Pods Resources */,
			);
			buildRules = (
			);
			dependencies = (
			);
			name = NetFlixS;
			productName = NetFlixS;
			productReference = 2CCCD7771ED8A8A100D05E64 /* NetFlixS.app */;
			productType = "com.apple.product-type.application";
		};
		2CCCD7921ED8A8A100D05E64 /* NetFlixSTests */ = {
			isa = PBXNativeTarget;
			buildConfigurationList = 2CCCD7AA1ED8A8A100D05E64 /* Build configuration list for PBXNativeTarget "NetFlixSTests" */;
			buildPhases = (
				DF3C85947D54E6489340D9CF /* [CP] Check Pods Manifest.lock */,
				2CCCD78F1ED8A8A100D05E64 /* Sources */,
				2CCCD7901ED8A8A100D05E64 /* Frameworks */,
				2CCCD7911ED8A8A100D05E64 /* Resources */,
				16A5AC11EFF0897F58BF9FE2 /* [CP] Embed Pods Frameworks */,
				E5B4B1743400F6A88130C308 /* [CP] Copy Pods Resources */,
			);
			buildRules = (
			);
			dependencies = (
				2CCCD7951ED8A8A100D05E64 /* PBXTargetDependency */,
			);
			name = NetFlixSTests;
			productName = NetFlixSTests;
			productReference = 2CCCD7931ED8A8A100D05E64 /* NetFlixSTests.xctest */;
			productType = "com.apple.product-type.bundle.unit-test";
		};
		2CCCD79D1ED8A8A100D05E64 /* NetFlixSUITests */ = {
			isa = PBXNativeTarget;
			buildConfigurationList = 2CCCD7AD1ED8A8A100D05E64 /* Build configuration list for PBXNativeTarget "NetFlixSUITests" */;
			buildPhases = (
				8AEEEDD506E73CB760317493 /* [CP] Check Pods Manifest.lock */,
				2CCCD79A1ED8A8A100D05E64 /* Sources */,
				2CCCD79B1ED8A8A100D05E64 /* Frameworks */,
				2CCCD79C1ED8A8A100D05E64 /* Resources */,
				1A3EF0C572229F3D0F025B61 /* [CP] Embed Pods Frameworks */,
				FA0B62C8ADB58B3C3357E9C9 /* [CP] Copy Pods Resources */,
			);
			buildRules = (
			);
			dependencies = (
				2CCCD7A01ED8A8A100D05E64 /* PBXTargetDependency */,
			);
			name = NetFlixSUITests;
			productName = NetFlixSUITests;
			productReference = 2CCCD79E1ED8A8A100D05E64 /* NetFlixSUITests.xctest */;
			productType = "com.apple.product-type.bundle.ui-testing";
		};
/* End PBXNativeTarget section */

/* Begin PBXProject section */
		2CCCD76F1ED8A8A100D05E64 /* Project object */ = {
			isa = PBXProject;
			attributes = {
				LastUpgradeCheck = 0830;
				ORGANIZATIONNAME = "TEJASWINI SUBRAVETI";
				TargetAttributes = {
					2CCCD7761ED8A8A100D05E64 = {
						CreatedOnToolsVersion = 8.3.2;
						DevelopmentTeam = KFV9K9A29B;
						ProvisioningStyle = Automatic;
					};
					2CCCD7921ED8A8A100D05E64 = {
						CreatedOnToolsVersion = 8.3.2;
						DevelopmentTeam = KFV9K9A29B;
						ProvisioningStyle = Automatic;
						TestTargetID = 2CCCD7761ED8A8A100D05E64;
					};
					2CCCD79D1ED8A8A100D05E64 = {
						CreatedOnToolsVersion = 8.3.2;
						DevelopmentTeam = KFV9K9A29B;
						ProvisioningStyle = Automatic;
						TestTargetID = 2CCCD7761ED8A8A100D05E64;
					};
				};
			};
			buildConfigurationList = 2CCCD7721ED8A8A100D05E64 /* Build configuration list for PBXProject "NetFlixS" */;
			compatibilityVersion = "Xcode 3.2";
			developmentRegion = English;
			hasScannedForEncodings = 0;
			knownRegions = (
				en,
				Base,
			);
			mainGroup = 2CCCD76E1ED8A8A100D05E64;
			productRefGroup = 2CCCD7781ED8A8A100D05E64 /* Products */;
			projectDirPath = "";
			projectRoot = "";
			targets = (
				2CCCD7761ED8A8A100D05E64 /* NetFlixS */,
				2CCCD7921ED8A8A100D05E64 /* NetFlixSTests */,
				2CCCD79D1ED8A8A100D05E64 /* NetFlixSUITests */,
			);
		};
/* End PBXProject section */

/* Begin PBXResourcesBuildPhase section */
		2CCCD7751ED8A8A100D05E64 /* Resources */ = {
			isa = PBXResourcesBuildPhase;
			buildActionMask = 2147483647;
			files = (
				2CCCD78D1ED8A8A100D05E64 /* LaunchScreen.storyboard in Resources */,
				2CE8708B1EDA1EBD006DF7F0 /* placeholder.png in Resources */,
				2CCCD78A1ED8A8A100D05E64 /* Assets.xcassets in Resources */,
				2CCCD7851ED8A8A100D05E64 /* Main.storyboard in Resources */,
			);
			runOnlyForDeploymentPostprocessing = 0;
		};
		2CCCD7911ED8A8A100D05E64 /* Resources */ = {
			isa = PBXResourcesBuildPhase;
			buildActionMask = 2147483647;
			files = (
			);
			runOnlyForDeploymentPostprocessing = 0;
		};
		2CCCD79C1ED8A8A100D05E64 /* Resources */ = {
			isa = PBXResourcesBuildPhase;
			buildActionMask = 2147483647;
			files = (
			);
			runOnlyForDeploymentPostprocessing = 0;
		};
/* End PBXResourcesBuildPhase section */

/* Begin PBXShellScriptBuildPhase section */
		16A5AC11EFF0897F58BF9FE2 /* [CP] Embed Pods Frameworks */ = {
			isa = PBXShellScriptBuildPhase;
			buildActionMask = 2147483647;
			files = (
			);
			inputPaths = (
			);
			name = "[CP] Embed Pods Frameworks";
			outputPaths = (
			);
			runOnlyForDeploymentPostprocessing = 0;
			shellPath = /bin/sh;
			shellScript = "\"${SRCROOT}/Pods/Target Support Files/Pods-NetFlixSTests/Pods-NetFlixSTests-frameworks.sh\"\n";
			showEnvVarsInLog = 0;
		};
		17A2A340CE784A340736735C /* [CP] Embed Pods Frameworks */ = {
			isa = PBXShellScriptBuildPhase;
			buildActionMask = 2147483647;
			files = (
			);
			inputPaths = (
			);
			name = "[CP] Embed Pods Frameworks";
			outputPaths = (
			);
			runOnlyForDeploymentPostprocessing = 0;
			shellPath = /bin/sh;
			shellScript = "\"${SRCROOT}/Pods/Target Support Files/Pods-NetFlixS/Pods-NetFlixS-frameworks.sh\"\n";
			showEnvVarsInLog = 0;
		};
		1A3EF0C572229F3D0F025B61 /* [CP] Embed Pods Frameworks */ = {
			isa = PBXShellScriptBuildPhase;
			buildActionMask = 2147483647;
			files = (
			);
			inputPaths = (
			);
			name = "[CP] Embed Pods Frameworks";
			outputPaths = (
			);
			runOnlyForDeploymentPostprocessing = 0;
			shellPath = /bin/sh;
			shellScript = "\"${SRCROOT}/Pods/Target Support Files/Pods-NetFlixSUITests/Pods-NetFlixSUITests-frameworks.sh\"\n";
			showEnvVarsInLog = 0;
		};
		6850EB29392B1AD2EDB4D16B /* [CP] Check Pods Manifest.lock */ = {
			isa = PBXShellScriptBuildPhase;
			buildActionMask = 8;
			files = (
			);
			inputPaths = (
			);
			name = "[CP] Check Pods Manifest.lock";
			outputPaths = (
			);
			runOnlyForDeploymentPostprocessing = 1;
			shellPath = /bin/sh;
			shellScript = "diff \"${PODS_PODFILE_DIR_PATH}/Podfile.lock\" \"${PODS_ROOT}/Manifest.lock\" > /dev/null\nif [ $? != 0 ] ; then\n    # print error to STDERR\n    echo \"error: The sandbox is not in sync with the Podfile.lock. Run 'pod install' or update your CocoaPods installation.\" >&2\n    exit 1\nfi\n";
		};
		8AEEEDD506E73CB760317493 /* [CP] Check Pods Manifest.lock */ = {
			isa = PBXShellScriptBuildPhase;
			buildActionMask = 2147483647;
			files = (
			);
			inputPaths = (
			);
			name = "[CP] Check Pods Manifest.lock";
			outputPaths = (
			);
			runOnlyForDeploymentPostprocessing = 0;
			shellPath = /bin/sh;
			shellScript = "diff \"${PODS_PODFILE_DIR_PATH}/Podfile.lock\" \"${PODS_ROOT}/Manifest.lock\" > /dev/null\nif [ $? != 0 ] ; then\n    # print error to STDERR\n    echo \"error: The sandbox is not in sync with the Podfile.lock. Run 'pod install' or update your CocoaPods installation.\" >&2\n    exit 1\nfi\n";
			showEnvVarsInLog = 0;
		};
		DA060FBB4394039D5BBB44E2 /* [CP] Copy Pods Resources */ = {
			isa = PBXShellScriptBuildPhase;
			buildActionMask = 2147483647;
			files = (
			);
			inputPaths = (
			);
			name = "[CP] Copy Pods Resources";
			outputPaths = (
			);
			runOnlyForDeploymentPostprocessing = 0;
			shellPath = /bin/sh;
			shellScript = "\"${SRCROOT}/Pods/Target Support Files/Pods-NetFlixS/Pods-NetFlixS-resources.sh\"\n";
			showEnvVarsInLog = 0;
		};
		DF3C85947D54E6489340D9CF /* [CP] Check Pods Manifest.lock */ = {
			isa = PBXShellScriptBuildPhase;
			buildActionMask = 2147483647;
			files = (
			);
			inputPaths = (
			);
			name = "[CP] Check Pods Manifest.lock";
			outputPaths = (
			);
			runOnlyForDeploymentPostprocessing = 0;
			shellPath = /bin/sh;
			shellScript = "diff \"${PODS_PODFILE_DIR_PATH}/Podfile.lock\" \"${PODS_ROOT}/Manifest.lock\" > /dev/null\nif [ $? != 0 ] ; then\n    # print error to STDERR\n    echo \"error: The sandbox is not in sync with the Podfile.lock. Run 'pod install' or update your CocoaPods installation.\" >&2\n    exit 1\nfi\n";
			showEnvVarsInLog = 0;
		};
		E5B4B1743400F6A88130C308 /* [CP] Copy Pods Resources */ = {
			isa = PBXShellScriptBuildPhase;
			buildActionMask = 2147483647;
			files = (
			);
			inputPaths = (
			);
			name = "[CP] Copy Pods Resources";
			outputPaths = (
			);
			runOnlyForDeploymentPostprocessing = 0;
			shellPath = /bin/sh;
			shellScript = "\"${SRCROOT}/Pods/Target Support Files/Pods-NetFlixSTests/Pods-NetFlixSTests-resources.sh\"\n";
			showEnvVarsInLog = 0;
		};
		FA0B62C8ADB58B3C3357E9C9 /* [CP] Copy Pods Resources */ = {
			isa = PBXShellScriptBuildPhase;
			buildActionMask = 2147483647;
			files = (
			);
			inputPaths = (
			);
			name = "[CP] Copy Pods Resources";
			outputPaths = (
			);
			runOnlyForDeploymentPostprocessing = 0;
			shellPath = /bin/sh;
			shellScript = "\"${SRCROOT}/Pods/Target Support Files/Pods-NetFlixSUITests/Pods-NetFlixSUITests-resources.sh\"\n";
			showEnvVarsInLog = 0;
		};
/* End PBXShellScriptBuildPhase section */

/* Begin PBXSourcesBuildPhase section */
		2CCCD7731ED8A8A100D05E64 /* Sources */ = {
			isa = PBXSourcesBuildPhase;
			buildActionMask = 2147483647;
			files = (
				2CCCD7BE1ED8BD6B00D05E64 /* smCollectionViewCell.m in Sources */,
				2C3ABA791EF9EB6B00BDDC9B /* MyDataManager.m in Sources */,
				2CCCD7821ED8A8A100D05E64 /* ViewController.m in Sources */,
				2CCCD7BB1ED8B30400D05E64 /* smTableViewCell.m in Sources */,
				2CCCD7B81ED8ADBF00D05E64 /* NSArray+Utilities.m in Sources */,
				2CCCD77F1ED8A8A100D05E64 /* AppDelegate.m in Sources */,
				2CE870931EDA2EA4006DF7F0 /* XMLDictionary.m in Sources */,
				2CCCD7881ED8A8A100D05E64 /* NetFlixS.xcdatamodeld in Sources */,
				2CCCD7B51ED8AD0900D05E64 /* UIColor+Utilities.m in Sources */,
				2CE870981EDB5A0E006DF7F0 /* NFWebService.m in Sources */,
				2CCCD77C1ED8A8A100D05E64 /* main.m in Sources */,
			);
			runOnlyForDeploymentPostprocessing = 0;
		};
		2CCCD78F1ED8A8A100D05E64 /* Sources */ = {
			isa = PBXSourcesBuildPhase;
			buildActionMask = 2147483647;
			files = (
				2CCCD7981ED8A8A100D05E64 /* NetFlixSTests.m in Sources */,
			);
			runOnlyForDeploymentPostprocessing = 0;
		};
		2CCCD79A1ED8A8A100D05E64 /* Sources */ = {
			isa = PBXSourcesBuildPhase;
			buildActionMask = 2147483647;
			files = (
				2CCCD7A31ED8A8A100D05E64 /* NetFlixSUITests.m in Sources */,
			);
			runOnlyForDeploymentPostprocessing = 0;
		};
/* End PBXSourcesBuildPhase section */

/* Begin PBXTargetDependency section */
		2CCCD7951ED8A8A100D05E64 /* PBXTargetDependency */ = {
			isa = PBXTargetDependency;
			target = 2CCCD7761ED8A8A100D05E64 /* NetFlixS */;
			targetProxy = 2CCCD7941ED8A8A100D05E64 /* PBXContainerItemProxy */;
		};
		2CCCD7A01ED8A8A100D05E64 /* PBXTargetDependency */ = {
			isa = PBXTargetDependency;
			target = 2CCCD7761ED8A8A100D05E64 /* NetFlixS */;
			targetProxy = 2CCCD79F1ED8A8A100D05E64 /* PBXContainerItemProxy */;
		};
/* End PBXTargetDependency section */

/* Begin PBXVariantGroup section */
		2CCCD7831ED8A8A100D05E64 /* Main.storyboard */ = {
			isa = PBXVariantGroup;
			children = (
				2CCCD7841ED8A8A100D05E64 /* Base */,
			);
			name = Main.storyboard;
			sourceTree = "<group>";
		};
		2CCCD78B1ED8A8A100D05E64 /* LaunchScreen.storyboard */ = {
			isa = PBXVariantGroup;
			children = (
				2CCCD78C1ED8A8A100D05E64 /* Base */,
			);
			name = LaunchScreen.storyboard;
			sourceTree = "<group>";
		};
/* End PBXVariantGroup section */

/* Begin XCBuildConfiguration section */
		2CCCD7A51ED8A8A100D05E64 /* Debug */ = {
			isa = XCBuildConfiguration;
			buildSettings = {
				ALWAYS_SEARCH_USER_PATHS = NO;
				CLANG_ANALYZER_NONNULL = YES;
				CLANG_ANALYZER_NUMBER_OBJECT_CONVERSION = YES_AGGRESSIVE;
				CLANG_CXX_LANGUAGE_STANDARD = "gnu++0x";
				CLANG_CXX_LIBRARY = "libc++";
				CLANG_ENABLE_MODULES = YES;
				CLANG_ENABLE_OBJC_ARC = YES;
				CLANG_WARN_BOOL_CONVERSION = YES;
				CLANG_WARN_CONSTANT_CONVERSION = YES;
				CLANG_WARN_DIRECT_OBJC_ISA_USAGE = YES_ERROR;
				CLANG_WARN_DOCUMENTATION_COMMENTS = YES;
				CLANG_WARN_EMPTY_BODY = YES;
				CLANG_WARN_ENUM_CONVERSION = YES;
				CLANG_WARN_INFINITE_RECURSION = YES;
				CLANG_WARN_INT_CONVERSION = YES;
				CLANG_WARN_OBJC_ROOT_CLASS = YES_ERROR;
				CLANG_WARN_SUSPICIOUS_MOVE = YES;
				CLANG_WARN_UNREACHABLE_CODE = YES;
				CLANG_WARN__DUPLICATE_METHOD_MATCH = YES;
				"CODE_SIGN_IDENTITY[sdk=iphoneos*]" = "iPhone Developer";
				COPY_PHASE_STRIP = NO;
				DEBUG_INFORMATION_FORMAT = dwarf;
				ENABLE_STRICT_OBJC_MSGSEND = YES;
				ENABLE_TESTABILITY = YES;
				GCC_C_LANGUAGE_STANDARD = gnu99;
				GCC_DYNAMIC_NO_PIC = NO;
				GCC_NO_COMMON_BLOCKS = YES;
				GCC_OPTIMIZATION_LEVEL = 0;
				GCC_PREPROCESSOR_DEFINITIONS = (
					"DEBUG=1",
					"$(inherited)",
				);
				GCC_WARN_64_TO_32_BIT_CONVERSION = YES;
				GCC_WARN_ABOUT_RETURN_TYPE = YES_ERROR;
				GCC_WARN_UNDECLARED_SELECTOR = YES;
				GCC_WARN_UNINITIALIZED_AUTOS = YES_AGGRESSIVE;
				GCC_WARN_UNUSED_FUNCTION = YES;
				GCC_WARN_UNUSED_VARIABLE = YES;
				IPHONEOS_DEPLOYMENT_TARGET = 10.3;
				MTL_ENABLE_DEBUG_INFO = YES;
				ONLY_ACTIVE_ARCH = YES;
				SDKROOT = iphoneos;
				TARGETED_DEVICE_FAMILY = 2;
			};
			name = Debug;
		};
		2CCCD7A61ED8A8A100D05E64 /* Release */ = {
			isa = XCBuildConfiguration;
			buildSettings = {
				ALWAYS_SEARCH_USER_PATHS = NO;
				CLANG_ANALYZER_NONNULL = YES;
				CLANG_ANALYZER_NUMBER_OBJECT_CONVERSION = YES_AGGRESSIVE;
				CLANG_CXX_LANGUAGE_STANDARD = "gnu++0x";
				CLANG_CXX_LIBRARY = "libc++";
				CLANG_ENABLE_MODULES = YES;
				CLANG_ENABLE_OBJC_ARC = YES;
				CLANG_WARN_BOOL_CONVERSION = YES;
				CLANG_WARN_CONSTANT_CONVERSION = YES;
				CLANG_WARN_DIRECT_OBJC_ISA_USAGE = YES_ERROR;
				CLANG_WARN_DOCUMENTATION_COMMENTS = YES;
				CLANG_WARN_EMPTY_BODY = YES;
				CLANG_WARN_ENUM_CONVERSION = YES;
				CLANG_WARN_INFINITE_RECURSION = YES;
				CLANG_WARN_INT_CONVERSION = YES;
				CLANG_WARN_OBJC_ROOT_CLASS = YES_ERROR;
				CLANG_WARN_SUSPICIOUS_MOVE = YES;
				CLANG_WARN_UNREACHABLE_CODE = YES;
				CLANG_WARN__DUPLICATE_METHOD_MATCH = YES;
				"CODE_SIGN_IDENTITY[sdk=iphoneos*]" = "iPhone Developer";
				COPY_PHASE_STRIP = NO;
				DEBUG_INFORMATION_FORMAT = "dwarf-with-dsym";
				ENABLE_NS_ASSERTIONS = NO;
				ENABLE_STRICT_OBJC_MSGSEND = YES;
				GCC_C_LANGUAGE_STANDARD = gnu99;
				GCC_NO_COMMON_BLOCKS = YES;
				GCC_WARN_64_TO_32_BIT_CONVERSION = YES;
				GCC_WARN_ABOUT_RETURN_TYPE = YES_ERROR;
				GCC_WARN_UNDECLARED_SELECTOR = YES;
				GCC_WARN_UNINITIALIZED_AUTOS = YES_AGGRESSIVE;
				GCC_WARN_UNUSED_FUNCTION = YES;
				GCC_WARN_UNUSED_VARIABLE = YES;
				IPHONEOS_DEPLOYMENT_TARGET = 10.3;
				MTL_ENABLE_DEBUG_INFO = NO;
				SDKROOT = iphoneos;
				TARGETED_DEVICE_FAMILY = 2;
				VALIDATE_PRODUCT = YES;
			};
			name = Release;
		};
		2CCCD7A81ED8A8A100D05E64 /* Debug */ = {
			isa = XCBuildConfiguration;
			baseConfigurationReference = B9D40FA9A15F59DE13F202DB /* Pods-NetFlixS.debug.xcconfig */;
			buildSettings = {
				ASSETCATALOG_COMPILER_APPICON_NAME = AppIcon;
				DEVELOPMENT_TEAM = KFV9K9A29B;
				INFOPLIST_FILE = NetFlixS/Info.plist;
				LD_RUNPATH_SEARCH_PATHS = "$(inherited) @executable_path/Frameworks";
				PRODUCT_BUNDLE_IDENTIFIER = sastruga.NetFlixS;
				PRODUCT_NAME = "$(TARGET_NAME)";
				TARGETED_DEVICE_FAMILY = 2;
			};
			name = Debug;
		};
		2CCCD7A91ED8A8A100D05E64 /* Release */ = {
			isa = XCBuildConfiguration;
			baseConfigurationReference = 16AD4E7DF714C5ACBF7F313F /* Pods-NetFlixS.release.xcconfig */;
			buildSettings = {
				ASSETCATALOG_COMPILER_APPICON_NAME = AppIcon;
				DEVELOPMENT_TEAM = KFV9K9A29B;
				INFOPLIST_FILE = NetFlixS/Info.plist;
				LD_RUNPATH_SEARCH_PATHS = "$(inherited) @executable_path/Frameworks";
				PRODUCT_BUNDLE_IDENTIFIER = sastruga.NetFlixS;
				PRODUCT_NAME = "$(TARGET_NAME)";
				TARGETED_DEVICE_FAMILY = 2;
			};
			name = Release;
		};
		2CCCD7AB1ED8A8A100D05E64 /* Debug */ = {
			isa = XCBuildConfiguration;
			baseConfigurationReference = B9385C6E524B69CCAD9CCC23 /* Pods-NetFlixSTests.debug.xcconfig */;
			buildSettings = {
				BUNDLE_LOADER = "$(TEST_HOST)";
				DEVELOPMENT_TEAM = KFV9K9A29B;
				INFOPLIST_FILE = NetFlixSTests/Info.plist;
				LD_RUNPATH_SEARCH_PATHS = "$(inherited) @executable_path/Frameworks @loader_path/Frameworks";
				PRODUCT_BUNDLE_IDENTIFIER = sastruga.NetFlixSTests;
				PRODUCT_NAME = "$(TARGET_NAME)";
				TEST_HOST = "$(BUILT_PRODUCTS_DIR)/NetFlixS.app/NetFlixS";
			};
			name = Debug;
		};
		2CCCD7AC1ED8A8A100D05E64 /* Release */ = {
			isa = XCBuildConfiguration;
			baseConfigurationReference = E1559D9E7F173948F7EDF99B /* Pods-NetFlixSTests.release.xcconfig */;
			buildSettings = {
				BUNDLE_LOADER = "$(TEST_HOST)";
				DEVELOPMENT_TEAM = KFV9K9A29B;
				INFOPLIST_FILE = NetFlixSTests/Info.plist;
				LD_RUNPATH_SEARCH_PATHS = "$(inherited) @executable_path/Frameworks @loader_path/Frameworks";
				PRODUCT_BUNDLE_IDENTIFIER = sastruga.NetFlixSTests;
				PRODUCT_NAME = "$(TARGET_NAME)";
				TEST_HOST = "$(BUILT_PRODUCTS_DIR)/NetFlixS.app/NetFlixS";
			};
			name = Release;
		};
		2CCCD7AE1ED8A8A100D05E64 /* Debug */ = {
			isa = XCBuildConfiguration;
			baseConfigurationReference = 2ED8AABE34B42AFE0A3BFAA8 /* Pods-NetFlixSUITests.debug.xcconfig */;
			buildSettings = {
				DEVELOPMENT_TEAM = KFV9K9A29B;
				INFOPLIST_FILE = NetFlixSUITests/Info.plist;
				LD_RUNPATH_SEARCH_PATHS = "$(inherited) @executable_path/Frameworks @loader_path/Frameworks";
				PRODUCT_BUNDLE_IDENTIFIER = sastruga.NetFlixSUITests;
				PRODUCT_NAME = "$(TARGET_NAME)";
				TEST_TARGET_NAME = NetFlixS;
			};
			name = Debug;
		};
		2CCCD7AF1ED8A8A100D05E64 /* Release */ = {
			isa = XCBuildConfiguration;
			baseConfigurationReference = BD587F12C37146A2189BCFDF /* Pods-NetFlixSUITests.release.xcconfig */;
			buildSettings = {
				DEVELOPMENT_TEAM = KFV9K9A29B;
				INFOPLIST_FILE = NetFlixSUITests/Info.plist;
				LD_RUNPATH_SEARCH_PATHS = "$(inherited) @executable_path/Frameworks @loader_path/Frameworks";
				PRODUCT_BUNDLE_IDENTIFIER = sastruga.NetFlixSUITests;
				PRODUCT_NAME = "$(TARGET_NAME)";
				TEST_TARGET_NAME = NetFlixS;
			};
			name = Release;
		};
/* End XCBuildConfiguration section */

/* Begin XCConfigurationList section */
		2CCCD7721ED8A8A100D05E64 /* Build configuration list for PBXProject "NetFlixS" */ = {
			isa = XCConfigurationList;
			buildConfigurations = (
				2CCCD7A51ED8A8A100D05E64 /* Debug */,
				2CCCD7A61ED8A8A100D05E64 /* Release */,
			);
			defaultConfigurationIsVisible = 0;
			defaultConfigurationName = Release;
		};
		2CCCD7A71ED8A8A100D05E64 /* Build configuration list for PBXNativeTarget "NetFlixS" */ = {
			isa = XCConfigurationList;
			buildConfigurations = (
				2CCCD7A81ED8A8A100D05E64 /* Debug */,
				2CCCD7A91ED8A8A100D05E64 /* Release */,
			);
			defaultConfigurationIsVisible = 0;
			defaultConfigurationName = Release;
		};
		2CCCD7AA1ED8A8A100D05E64 /* Build configuration list for PBXNativeTarget "NetFlixSTests" */ = {
			isa = XCConfigurationList;
			buildConfigurations = (
				2CCCD7AB1ED8A8A100D05E64 /* Debug */,
				2CCCD7AC1ED8A8A100D05E64 /* Release */,
			);
			defaultConfigurationIsVisible = 0;
			defaultConfigurationName = Release;
		};
		2CCCD7AD1ED8A8A100D05E64 /* Build configuration list for PBXNativeTarget "NetFlixSUITests" */ = {
			isa = XCConfigurationList;
			buildConfigurations = (
				2CCCD7AE1ED8A8A100D05E64 /* Debug */,
				2CCCD7AF1ED8A8A100D05E64 /* Release */,
			);
			defaultConfigurationIsVisible = 0;
			defaultConfigurationName = Release;
		};
/* End XCConfigurationList section */

/* Begin XCVersionGroup section */
		2CCCD7861ED8A8A100D05E64 /* NetFlixS.xcdatamodeld */ = {
			isa = XCVersionGroup;
			children = (
				2CCCD7871ED8A8A100D05E64 /* NetFlixS.xcdatamodel */,
			);
			currentVersion = 2CCCD7871ED8A8A100D05E64 /* NetFlixS.xcdatamodel */;
			path = NetFlixS.xcdatamodeld;
			sourceTree = "<group>";
			versionGroupType = wrapper.xcdatamodel;
		};
/* End XCVersionGroup section */
	};
	rootObject = 2CCCD76F1ED8A8A100D05E64 /* Project object */;
}
